
Microsoft Visual Studio Solution File, Format Version 12.00
# Visual Studio Version 17
VisualStudioVersion = 17.1.32210.238
MinimumVisualStudioVersion = 10.0.40219.1
Project("{FAE04EC0-301F-11D3-BF4B-00C04F79EFBC}") = "VP_7", "VP_7\VP_7.csproj", "{8C20CFF1-046F-4FB8-8E55-1B4E9C0B67F6}"
EndProject
Global
	GlobalSection(SolutionConfigurationPlatforms) = preSolution
		Debug|Any CPU = Debug|Any CPU
		Release|Any CPU = Release|Any CPU
	EndGlobalSection
	GlobalSection(ProjectConfigurationPlatforms) = postSolution
		{8C20CFF1-046F-4FB8-8E55-1B4E9C0B67F6}.Debug|Any CPU.ActiveCfg = Debug|Any CPU
		{8C20CFF1-046F-4FB8-8E55-1B4E9C0B67F6}.Debug|Any CPU.Build.0 = Debug|Any CPU
		{8C20CFF1-046F-4FB8-8E55-1B4E9C0B67F6}.Release|Any CPU.ActiveCfg = Release|Any CPU
		{8C20CFF1-046F-4FB8-8E55-1B4E9C0B67F6}.Release|Any CPU.Build.0 = Release|Any CPU
	EndGlobalSection
	GlobalSection(SolutionProperties) = preSolution
		HideSolutionNode = FALSE
	EndGlobalSection
	GlobalSection(ExtensibilityGlobals) = postSolution
		SolutionGuid = {818AADD8-CF76-4074-80C2-D9FB291F8AE9}
	EndGlobalSection
EndGlobal
